
Microsoft Visual Studio Solution File, Format Version 12.00
# Visual Studio 15
VisualStudioVersion = 15.0.25807.0
MinimumVisualStudioVersion = 10.0.40219.1
Project("{2150E333-8FDC-42A3-9474-1A3956D46DE8}") = "Engine", "Engine", "{D1C58FE6-3EE3-4CA3-93C2-7F17E67FF838}"
EndProject
Project("{2150E333-8FDC-42A3-9474-1A3956D46DE8}") = "Games", "Games", "{8B199C9B-BC77-46FE-9571-2AAFE931E21E}"
EndProject
Project("{8BC9CEB8-8B4A-11D0-8D11-00A0C91BC942}") = "UE4", "Intermediate\ProjectFiles\UE4.vcxproj", "{36EC3E44-091B-4261-97F2-D8E834BB316F}"
EndProject
Project("{8BC9CEB8-8B4A-11D0-8D11-00A0C91BC942}") = "RoomEscape", "Intermediate\ProjectFiles\RoomEscape.vcxproj", "{F3F615EC-CE63-4172-8E1D-878437D3CAD0}"
EndProject
Global
	GlobalSection(SolutionConfigurationPlatforms) = preSolution
		DebugGame Editor|HTML5 = DebugGame Editor|HTML5
		DebugGame Editor|Win32 = DebugGame Editor|Win32
		DebugGame Editor|Win64 = DebugGame Editor|Win64
		DebugGame|HTML5 = DebugGame|HTML5
		DebugGame|Win32 = DebugGame|Win32
		DebugGame|Win64 = DebugGame|Win64
		Development Editor|HTML5 = Development Editor|HTML5
		Development Editor|Win32 = Development Editor|Win32
		Development Editor|Win64 = Development Editor|Win64
		Development|HTML5 = Development|HTML5
		Development|Win32 = Development|Win32
		Development|Win64 = Development|Win64
		Shipping|HTML5 = Shipping|HTML5
		Shipping|Win32 = Shipping|Win32
		Shipping|Win64 = Shipping|Win64
	EndGlobalSection
	GlobalSection(ProjectConfigurationPlatforms) = postSolution
		{36EC3E44-091B-4261-97F2-D8E834BB316F}.DebugGame Editor|HTML5.ActiveCfg = BuiltWithUnrealBuildTool|Win32
		{36EC3E44-091B-4261-97F2-D8E834BB316F}.DebugGame Editor|HTML5.Build.0 = BuiltWithUnrealBuildTool|Win32
		{36EC3E44-091B-4261-97F2-D8E834BB316F}.DebugGame Editor|Win32.ActiveCfg = BuiltWithUnrealBuildTool|Win32
		{36EC3E44-091B-4261-97F2-D8E834BB316F}.DebugGame Editor|Win32.Build.0 = BuiltWithUnrealBuildTool|Win32
		{36EC3E44-091B-4261-97F2-D8E834BB316F}.DebugGame Editor|Win64.ActiveCfg = BuiltWithUnrealBuildTool|Win32
		{36EC3E44-091B-4261-97F2-D8E834BB316F}.DebugGame Editor|Win64.Build.0 = BuiltWithUnrealBuildTool|Win32
		{36EC3E44-091B-4261-97F2-D8E834BB316F}.DebugGame|HTML5.ActiveCfg = BuiltWithUnrealBuildTool|Win32
		{36EC3E44-091B-4261-97F2-D8E834BB316F}.DebugGame|HTML5.Build.0 = BuiltWithUnrealBuildTool|Win32
		{36EC3E44-091B-4261-97F2-D8E834BB316F}.DebugGame|Win32.ActiveCfg = BuiltWithUnrealBuildTool|Win32
		{36EC3E44-091B-4261-97F2-D8E834BB316F}.DebugGame|Win32.Build.0 = BuiltWithUnrealBuildTool|Win32
		{36EC3E44-091B-4261-97F2-D8E834BB316F}.DebugGame|Win64.ActiveCfg = BuiltWithUnrealBuildTool|Win32
		{36EC3E44-091B-4261-97F2-D8E834BB316F}.DebugGame|Win64.Build.0 = BuiltWithUnrealBuildTool|Win32
		{36EC3E44-091B-4261-97F2-D8E834BB316F}.Development Editor|HTML5.ActiveCfg = BuiltWithUnrealBuildTool|Win32
		{36EC3E44-091B-4261-97F2-D8E834BB316F}.Development Editor|HTML5.Build.0 = BuiltWithUnrealBuildTool|Win32
		{36EC3E44-091B-4261-97F2-D8E834BB316F}.Development Editor|Win32.ActiveCfg = BuiltWithUnrealBuildTool|Win32
		{36EC3E44-091B-4261-97F2-D8E834BB316F}.Development Editor|Win32.Build.0 = BuiltWithUnrealBuildTool|Win32
		{36EC3E44-091B-4261-97F2-D8E834BB316F}.Development Editor|Win64.ActiveCfg = BuiltWithUnrealBuildTool|Win32
		{36EC3E44-091B-4261-97F2-D8E834BB316F}.Development Editor|Win64.Build.0 = BuiltWithUnrealBuildTool|Win32
		{36EC3E44-091B-4261-97F2-D8E834BB316F}.Development|HTML5.ActiveCfg = BuiltWithUnrealBuildTool|Win32
		{36EC3E44-091B-4261-97F2-D8E834BB316F}.Development|HTML5.Build.0 = BuiltWithUnrealBuildTool|Win32
		{36EC3E44-091B-4261-97F2-D8E834BB316F}.Development|Win32.ActiveCfg = BuiltWithUnrealBuildTool|Win32
		{36EC3E44-091B-4261-97F2-D8E834BB316F}.Development|Win32.Build.0 = BuiltWithUnrealBuildTool|Win32
		{36EC3E44-091B-4261-97F2-D8E834BB316F}.Development|Win64.ActiveCfg = BuiltWithUnrealBuildTool|Win32
		{36EC3E44-091B-4261-97F2-D8E834BB316F}.Development|Win64.Build.0 = BuiltWithUnrealBuildTool|Win32
		{36EC3E44-091B-4261-97F2-D8E834BB316F}.Shipping|HTML5.ActiveCfg = BuiltWithUnrealBuildTool|Win32
		{36EC3E44-091B-4261-97F2-D8E834BB316F}.Shipping|HTML5.Build.0 = BuiltWithUnrealBuildTool|Win32
		{36EC3E44-091B-4261-97F2-D8E834BB316F}.Shipping|Win32.ActiveCfg = BuiltWithUnrealBuildTool|Win32
		{36EC3E44-091B-4261-97F2-D8E834BB316F}.Shipping|Win32.Build.0 = BuiltWithUnrealBuildTool|Win32
		{36EC3E44-091B-4261-97F2-D8E834BB316F}.Shipping|Win64.ActiveCfg = BuiltWithUnrealBuildTool|Win32
		{36EC3E44-091B-4261-97F2-D8E834BB316F}.Shipping|Win64.Build.0 = BuiltWithUnrealBuildTool|Win32
		{F3F615EC-CE63-4172-8E1D-878437D3CAD0}.DebugGame Editor|HTML5.ActiveCfg = HTML5_DebugGame_Editor|Win32
		{F3F615EC-CE63-4172-8E1D-878437D3CAD0}.DebugGame Editor|Win32.ActiveCfg = DebugGame_Editor|Win32
		{F3F615EC-CE63-4172-8E1D-878437D3CAD0}.DebugGame Editor|Win64.ActiveCfg = DebugGame_Editor|x64
		{F3F615EC-CE63-4172-8E1D-878437D3CAD0}.DebugGame Editor|Win64.Build.0 = DebugGame_Editor|x64
		{F3F615EC-CE63-4172-8E1D-878437D3CAD0}.DebugGame|HTML5.ActiveCfg = HTML5_DebugGame_Game|Win32
		{F3F615EC-CE63-4172-8E1D-878437D3CAD0}.DebugGame|HTML5.Build.0 = HTML5_DebugGame_Game|Win32
		{F3F615EC-CE63-4172-8E1D-878437D3CAD0}.DebugGame|Win32.ActiveCfg = DebugGame_Game|Win32
		{F3F615EC-CE63-4172-8E1D-878437D3CAD0}.DebugGame|Win32.Build.0 = DebugGame_Game|Win32
		{F3F615EC-CE63-4172-8E1D-878437D3CAD0}.DebugGame|Win64.ActiveCfg = DebugGame_Game|x64
		{F3F615EC-CE63-4172-8E1D-878437D3CAD0}.DebugGame|Win64.Build.0 = DebugGame_Game|x64
		{F3F615EC-CE63-4172-8E1D-878437D3CAD0}.Development Editor|HTML5.ActiveCfg = HTML5_Development_Editor|Win32
		{F3F615EC-CE63-4172-8E1D-878437D3CAD0}.Development Editor|Win32.ActiveCfg = Development_Editor|Win32
		{F3F615EC-CE63-4172-8E1D-878437D3CAD0}.Development Editor|Win64.ActiveCfg = Development_Editor|x64
		{F3F615EC-CE63-4172-8E1D-878437D3CAD0}.Development Editor|Win64.Build.0 = Development_Editor|x64
		{F3F615EC-CE63-4172-8E1D-878437D3CAD0}.Development|HTML5.ActiveCfg = HTML5_Development_Game|Win32
		{F3F615EC-CE63-4172-8E1D-878437D3CAD0}.Development|HTML5.Build.0 = HTML5_Development_Game|Win32
		{F3F615EC-CE63-4172-8E1D-878437D3CAD0}.Development|Win32.ActiveCfg = Development_Game|Win32
		{F3F615EC-CE63-4172-8E1D-878437D3CAD0}.Development|Win32.Build.0 = Development_Game|Win32
		{F3F615EC-CE63-4172-8E1D-878437D3CAD0}.Development|Win64.ActiveCfg = Development_Game|x64
		{F3F615EC-CE63-4172-8E1D-878437D3CAD0}.Development|Win64.Build.0 = Development_Game|x64
		{F3F615EC-CE63-4172-8E1D-878437D3CAD0}.Shipping|HTML5.ActiveCfg = HTML5_Shipping_Game|Win32
		{F3F615EC-CE63-4172-8E1D-878437D3CAD0}.Shipping|HTML5.Build.0 = HTML5_Shipping_Game|Win32
		{F3F615EC-CE63-4172-8E1D-878437D3CAD0}.Shipping|Win32.ActiveCfg = Shipping_Game|Win32
		{F3F615EC-CE63-4172-8E1D-878437D3CAD0}.Shipping|Win32.Build.0 = Shipping_Game|Win32
		{F3F615EC-CE63-4172-8E1D-878437D3CAD0}.Shipping|Win64.ActiveCfg = Shipping_Game|x64
		{F3F615EC-CE63-4172-8E1D-878437D3CAD0}.Shipping|Win64.Build.0 = Shipping_Game|x64
	EndGlobalSection
	GlobalSection(SolutionProperties) = preSolution
		HideSolutionNode = FALSE
	EndGlobalSection
	GlobalSection(NestedProjects) = preSolution
		{36EC3E44-091B-4261-97F2-D8E834BB316F} = {D1C58FE6-3EE3-4CA3-93C2-7F17E67FF838}
		{F3F615EC-CE63-4172-8E1D-878437D3CAD0} = {8B199C9B-BC77-46FE-9571-2AAFE931E21E}
	EndGlobalSection
	GlobalSection(ExtensibilityGlobals) = postSolution
		SolutionGuid = {B1FE05C7-4AC3-4369-994D-99F15358CD38}
	EndGlobalSection
EndGlobal
